
Microsoft Visual Studio Solution File, Format Version 12.00
# Visual Studio Version 17
VisualStudioVersion = 17.2.32630.192
MinimumVisualStudioVersion = 10.0.40219.1
Project("{FAE04EC0-301F-11D3-BF4B-00C04F79EFBC}") = "SimaIntegration", "SimaIntegration\SimaIntegration.csproj", "{6E9DCD52-F64E-4BD6-8A7C-114CFF2A8185}"
EndProject
Global
	GlobalSection(SolutionConfigurationPlatforms) = preSolution
		Debug|Any CPU = Debug|Any CPU
		Release|Any CPU = Release|Any CPU
	EndGlobalSection
	GlobalSection(ProjectConfigurationPlatforms) = postSolution
		{6E9DCD52-F64E-4BD6-8A7C-114CFF2A8185}.Debug|Any CPU.ActiveCfg = Debug|Any CPU
		{6E9DCD52-F64E-4BD6-8A7C-114CFF2A8185}.Debug|Any CPU.Build.0 = Debug|Any CPU
		{6E9DCD52-F64E-4BD6-8A7C-114CFF2A8185}.Release|Any CPU.ActiveCfg = Release|Any CPU
		{6E9DCD52-F64E-4BD6-8A7C-114CFF2A8185}.Release|Any CPU.Build.0 = Release|Any CPU
	EndGlobalSection
	GlobalSection(SolutionProperties) = preSolution
		HideSolutionNode = FALSE
	EndGlobalSection
	GlobalSection(ExtensibilityGlobals) = postSolution
		SolutionGuid = {81731659-B297-4862-9C9A-C76A5EB499B4}
	EndGlobalSection
EndGlobal
